
Microsoft Visual Studio Solution File, Format Version 12.00
# Visual Studio Version 16
VisualStudioVersion = 16.0.31729.503
MinimumVisualStudioVersion = 10.0.40219.1
Project("{FAE04EC0-301F-11D3-BF4B-00C04F79EFBC}") = "UserDroneApp", "UserDroneApp\UserDroneApp.csproj", "{8890F013-9ADF-446D-A6DF-F1ECB32C58C9}"
EndProject
Global
	GlobalSection(SolutionConfigurationPlatforms) = preSolution
		Debug|Any CPU = Debug|Any CPU
		Debug|x64 = Debug|x64
		Release|Any CPU = Release|Any CPU
		Release|x64 = Release|x64
		test|Any CPU = test|Any CPU
		test|x64 = test|x64
	EndGlobalSection
	GlobalSection(ProjectConfigurationPlatforms) = postSolution
		{8890F013-9ADF-446D-A6DF-F1ECB32C58C9}.Debug|Any CPU.ActiveCfg = Debug|Any CPU
		{8890F013-9ADF-446D-A6DF-F1ECB32C58C9}.Debug|Any CPU.Build.0 = Debug|Any CPU
		{8890F013-9ADF-446D-A6DF-F1ECB32C58C9}.Debug|x64.ActiveCfg = Debug|x64
		{8890F013-9ADF-446D-A6DF-F1ECB32C58C9}.Debug|x64.Build.0 = Debug|x64
		{8890F013-9ADF-446D-A6DF-F1ECB32C58C9}.Release|Any CPU.ActiveCfg = Release|Any CPU
		{8890F013-9ADF-446D-A6DF-F1ECB32C58C9}.Release|Any CPU.Build.0 = Release|Any CPU
		{8890F013-9ADF-446D-A6DF-F1ECB32C58C9}.Release|x64.ActiveCfg = Release|x64
		{8890F013-9ADF-446D-A6DF-F1ECB32C58C9}.Release|x64.Build.0 = Release|x64
		{8890F013-9ADF-446D-A6DF-F1ECB32C58C9}.test|Any CPU.ActiveCfg = test|Any CPU
		{8890F013-9ADF-446D-A6DF-F1ECB32C58C9}.test|Any CPU.Build.0 = test|Any CPU
		{8890F013-9ADF-446D-A6DF-F1ECB32C58C9}.test|x64.ActiveCfg = test|x64
		{8890F013-9ADF-446D-A6DF-F1ECB32C58C9}.test|x64.Build.0 = test|x64
	EndGlobalSection
	GlobalSection(SolutionProperties) = preSolution
		HideSolutionNode = FALSE
	EndGlobalSection
	GlobalSection(ExtensibilityGlobals) = postSolution
		SolutionGuid = {59CAD1AB-1F42-4ADF-B628-31CCB69F6729}
	EndGlobalSection
EndGlobal
